
Microsoft Visual Studio Solution File, Format Version 12.00
# Visual Studio 15
VisualStudioVersion = 15.0.27004.2009
MinimumVisualStudioVersion = 10.0.40219.1
Project("{9A19103F-16F7-4668-BE54-9A1E7A4F7556}") = "DogsServer", "WebApplication4\DogsServer.csproj", "{5FCA1924-C207-4464-A1FB-C03EA8D3DADF}"
EndProject
Project("{9A19103F-16F7-4668-BE54-9A1E7A4F7556}") = "Dogs.Identity.Data", "Dogs.Identity.Data\Dogs.Identity.Data.csproj", "{C1D3EB7D-26DE-4954-957B-31BD6CE31F20}"
EndProject
Project("{9A19103F-16F7-4668-BE54-9A1E7A4F7556}") = "Dogs.Identity.Api", "Dogs.Identity.Api\Dogs.Identity.Api.csproj", "{95490FCD-B23C-41D7-9A14-A877E06AB571}"
EndProject
Project("{FAE04EC0-301F-11D3-BF4B-00C04F79EFBC}") = "kgtwebClient", "kgtwebClient\kgtwebClient.csproj", "{C36557A3-9157-48AC-A04E-F0DC589FB5D9}"
EndProject
Global
	GlobalSection(SolutionConfigurationPlatforms) = preSolution
		Debug|Any CPU = Debug|Any CPU
		Release|Any CPU = Release|Any CPU
	EndGlobalSection
	GlobalSection(ProjectConfigurationPlatforms) = postSolution
		{5FCA1924-C207-4464-A1FB-C03EA8D3DADF}.Debug|Any CPU.ActiveCfg = Debug|Any CPU
		{5FCA1924-C207-4464-A1FB-C03EA8D3DADF}.Debug|Any CPU.Build.0 = Debug|Any CPU
		{5FCA1924-C207-4464-A1FB-C03EA8D3DADF}.Release|Any CPU.ActiveCfg = Release|Any CPU
		{5FCA1924-C207-4464-A1FB-C03EA8D3DADF}.Release|Any CPU.Build.0 = Release|Any CPU
		{C1D3EB7D-26DE-4954-957B-31BD6CE31F20}.Debug|Any CPU.ActiveCfg = Debug|Any CPU
		{C1D3EB7D-26DE-4954-957B-31BD6CE31F20}.Debug|Any CPU.Build.0 = Debug|Any CPU
		{C1D3EB7D-26DE-4954-957B-31BD6CE31F20}.Release|Any CPU.ActiveCfg = Release|Any CPU
		{C1D3EB7D-26DE-4954-957B-31BD6CE31F20}.Release|Any CPU.Build.0 = Release|Any CPU
		{95490FCD-B23C-41D7-9A14-A877E06AB571}.Debug|Any CPU.ActiveCfg = Debug|Any CPU
		{95490FCD-B23C-41D7-9A14-A877E06AB571}.Debug|Any CPU.Build.0 = Debug|Any CPU
		{95490FCD-B23C-41D7-9A14-A877E06AB571}.Release|Any CPU.ActiveCfg = Release|Any CPU
		{95490FCD-B23C-41D7-9A14-A877E06AB571}.Release|Any CPU.Build.0 = Release|Any CPU
		{C36557A3-9157-48AC-A04E-F0DC589FB5D9}.Debug|Any CPU.ActiveCfg = Debug|Any CPU
		{C36557A3-9157-48AC-A04E-F0DC589FB5D9}.Debug|Any CPU.Build.0 = Debug|Any CPU
		{C36557A3-9157-48AC-A04E-F0DC589FB5D9}.Release|Any CPU.ActiveCfg = Release|Any CPU
		{C36557A3-9157-48AC-A04E-F0DC589FB5D9}.Release|Any CPU.Build.0 = Release|Any CPU
	EndGlobalSection
	GlobalSection(SolutionProperties) = preSolution
		HideSolutionNode = FALSE
	EndGlobalSection
	GlobalSection(ExtensibilityGlobals) = postSolution
		SolutionGuid = {0013229A-1293-4823-8082-29CCA736AAEE}
	EndGlobalSection
EndGlobal
