
Microsoft Visual Studio Solution File, Format Version 12.00
# Visual Studio Version 17
VisualStudioVersion = 17.2.32526.322
MinimumVisualStudioVersion = 10.0.40219.1
Project("{9A19103F-16F7-4668-BE54-9A1E7A4F7556}") = "DogsServer", "WebApplication4\DogsServer.csproj", "{5FCA1924-C207-4464-A1FB-C03EA8D3DADF}"
EndProject
Project("{9A19103F-16F7-4668-BE54-9A1E7A4F7556}") = "Dogs.Identity.Api", "Dogs.Identity.Api\Dogs.Identity.Api.csproj", "{95490FCD-B23C-41D7-9A14-A877E06AB571}"
EndProject
Project("{FAE04EC0-301F-11D3-BF4B-00C04F79EFBC}") = "kgtwebClient", "kgtwebClient\kgtwebClient.csproj", "{C36557A3-9157-48AC-A04E-F0DC589FB5D9}"
EndProject
Project("{9A19103F-16F7-4668-BE54-9A1E7A4F7556}") = "Dogs.ViewModels.Data", "Dogs.ViewModels.Data\Dogs.ViewModels.Data.csproj", "{C3E85D17-4F0E-4243-9F80-E8B3F746F410}"
EndProject
Project("{9A19103F-16F7-4668-BE54-9A1E7A4F7556}") = "Dogs.Data", "Dogs.Data\Dogs.Data.csproj", "{AB1418A5-D7EB-4C94-B7D5-3D57D77DFF90}"
EndProject
Global
	GlobalSection(SolutionConfigurationPlatforms) = preSolution
		Debug|Any CPU = Debug|Any CPU
		Release|Any CPU = Release|Any CPU
	EndGlobalSection
	GlobalSection(ProjectConfigurationPlatforms) = postSolution
		{5FCA1924-C207-4464-A1FB-C03EA8D3DADF}.Debug|Any CPU.ActiveCfg = Debug|Any CPU
		{5FCA1924-C207-4464-A1FB-C03EA8D3DADF}.Debug|Any CPU.Build.0 = Debug|Any CPU
		{5FCA1924-C207-4464-A1FB-C03EA8D3DADF}.Release|Any CPU.ActiveCfg = Release|Any CPU
		{5FCA1924-C207-4464-A1FB-C03EA8D3DADF}.Release|Any CPU.Build.0 = Release|Any CPU
		{95490FCD-B23C-41D7-9A14-A877E06AB571}.Debug|Any CPU.ActiveCfg = Debug|Any CPU
		{95490FCD-B23C-41D7-9A14-A877E06AB571}.Debug|Any CPU.Build.0 = Debug|Any CPU
		{95490FCD-B23C-41D7-9A14-A877E06AB571}.Release|Any CPU.ActiveCfg = Release|Any CPU
		{95490FCD-B23C-41D7-9A14-A877E06AB571}.Release|Any CPU.Build.0 = Release|Any CPU
		{C36557A3-9157-48AC-A04E-F0DC589FB5D9}.Debug|Any CPU.ActiveCfg = Debug|Any CPU
		{C36557A3-9157-48AC-A04E-F0DC589FB5D9}.Debug|Any CPU.Build.0 = Debug|Any CPU
		{C36557A3-9157-48AC-A04E-F0DC589FB5D9}.Release|Any CPU.ActiveCfg = Release|Any CPU
		{C36557A3-9157-48AC-A04E-F0DC589FB5D9}.Release|Any CPU.Build.0 = Release|Any CPU
		{C3E85D17-4F0E-4243-9F80-E8B3F746F410}.Debug|Any CPU.ActiveCfg = Debug|Any CPU
		{C3E85D17-4F0E-4243-9F80-E8B3F746F410}.Debug|Any CPU.Build.0 = Debug|Any CPU
		{C3E85D17-4F0E-4243-9F80-E8B3F746F410}.Release|Any CPU.ActiveCfg = Release|Any CPU
		{C3E85D17-4F0E-4243-9F80-E8B3F746F410}.Release|Any CPU.Build.0 = Release|Any CPU
		{AB1418A5-D7EB-4C94-B7D5-3D57D77DFF90}.Debug|Any CPU.ActiveCfg = Debug|Any CPU
		{AB1418A5-D7EB-4C94-B7D5-3D57D77DFF90}.Debug|Any CPU.Build.0 = Debug|Any CPU
		{AB1418A5-D7EB-4C94-B7D5-3D57D77DFF90}.Release|Any CPU.ActiveCfg = Release|Any CPU
		{AB1418A5-D7EB-4C94-B7D5-3D57D77DFF90}.Release|Any CPU.Build.0 = Release|Any CPU
	EndGlobalSection
	GlobalSection(SolutionProperties) = preSolution
		HideSolutionNode = FALSE
	EndGlobalSection
	GlobalSection(ExtensibilityGlobals) = postSolution
		SolutionGuid = {0013229A-1293-4823-8082-29CCA736AAEE}
	EndGlobalSection
EndGlobal
